// !$*UTF8*$!
{
	archiveVersion = 1;
	classes = {
	};
	objectVersion = 46;
	objects = {

/* Begin PBXBuildFile section */
		ED09DD4C1F6A9B3100FBC284 /* BusView.xib in Resources */ = {isa = PBXBuildFile; fileRef = ED09DD4B1F6A9B3100FBC284 /* BusView.xib */; };
		ED09DD4E1F6A9C4600FBC284 /* PullToRefreshBus.swift in Sources */ = {isa = PBXBuildFile; fileRef = ED09DD4D1F6A9C4600FBC284 /* PullToRefreshBus.swift */; };
		ED19E2C61F7EEB7E005289E5 /* PassageCell.swift in Sources */ = {isa = PBXBuildFile; fileRef = ED19E2C51F7EEB7E005289E5 /* PassageCell.swift */; };
		ED342A991E3FCD1200D8D212 /* AppDelegate.swift in Sources */ = {isa = PBXBuildFile; fileRef = ED342A981E3FCD1200D8D212 /* AppDelegate.swift */; };
		ED342A9B1E3FCD1200D8D212 /* WIMB230ViewController.swift in Sources */ = {isa = PBXBuildFile; fileRef = ED342A9A1E3FCD1200D8D212 /* WIMB230ViewController.swift */; };
		ED342A9E1E3FCD1200D8D212 /* Main.storyboard in Resources */ = {isa = PBXBuildFile; fileRef = ED342A9C1E3FCD1200D8D212 /* Main.storyboard */; };
		ED342AA01E3FCD1200D8D212 /* Assets.xcassets in Resources */ = {isa = PBXBuildFile; fileRef = ED342A9F1E3FCD1200D8D212 /* Assets.xcassets */; };
		ED342AA31E3FCD1200D8D212 /* LaunchScreen.storyboard in Resources */ = {isa = PBXBuildFile; fileRef = ED342AA11E3FCD1200D8D212 /* LaunchScreen.storyboard */; };
		ED342AAE1E3FCD1300D8D212 /* WIMB230Tests.swift in Sources */ = {isa = PBXBuildFile; fileRef = ED342AAD1E3FCD1300D8D212 /* WIMB230Tests.swift */; };
		ED342ACC1E3FD7C500D8D212 /* BusPassage.swift in Sources */ = {isa = PBXBuildFile; fileRef = ED342ACB1E3FD7C500D8D212 /* BusPassage.swift */; };
		ED7129B21EEF30550023A048 /* SetBusStopViewController.swift in Sources */ = {isa = PBXBuildFile; fileRef = ED7129B11EEF30550023A048 /* SetBusStopViewController.swift */; };
		EDB19A8E1E539A3F0044C933 /* TodayViewController.swift in Sources */ = {isa = PBXBuildFile; fileRef = EDB19A8D1E539A3F0044C933 /* TodayViewController.swift */; };
		EDB19A911E539A3F0044C933 /* MainInterface.storyboard in Resources */ = {isa = PBXBuildFile; fileRef = EDB19A8F1E539A3F0044C933 /* MainInterface.storyboard */; };
		EDB19A961E539A3F0044C933 /* WIMB230Widget.appex in Embed App Extensions */ = {isa = PBXBuildFile; fileRef = EDB19A891E539A3F0044C933 /* WIMB230Widget.appex */; settings = {ATTRIBUTES = (RemoveHeadersOnCopy, ); }; };
		EDB19AA21E539ABD0044C933 /* WIMB230Client.swift in Sources */ = {isa = PBXBuildFile; fileRef = EDB19AA11E539ABD0044C933 /* WIMB230Client.swift */; };
		EDB19AAA1E54806E0044C933 /* WIMB230Client.swift in Sources */ = {isa = PBXBuildFile; fileRef = EDB19AA11E539ABD0044C933 /* WIMB230Client.swift */; };
		EDB19AAB1E54806E0044C933 /* BusPassage.swift in Sources */ = {isa = PBXBuildFile; fileRef = ED342ACB1E3FD7C500D8D212 /* BusPassage.swift */; };
		EDB19AAC1E54E0340044C933 /* Assets.xcassets in Resources */ = {isa = PBXBuildFile; fileRef = ED342A9F1E3FCD1200D8D212 /* Assets.xcassets */; };
		EDBD787A1F9A88FE00F6AF9D /* PassagePeekView.swift in Sources */ = {isa = PBXBuildFile; fileRef = EDBD78791F9A88FE00F6AF9D /* PassagePeekView.swift */; };
		EDBD787C1F9E59E700F6AF9D /* ReminderSetter.swift in Sources */ = {isa = PBXBuildFile; fileRef = EDBD787B1F9E59E700F6AF9D /* ReminderSetter.swift */; };
		EDBD787E1F9E6DB400F6AF9D /* BusPassageFormatter.swift in Sources */ = {isa = PBXBuildFile; fileRef = EDBD787D1F9E6DB400F6AF9D /* BusPassageFormatter.swift */; };
		EDEF4E541F759A62006BBBC7 /* Alamofire.framework in Frameworks */ = {isa = PBXBuildFile; fileRef = EDEF4E501F759A3A006BBBC7 /* Alamofire.framework */; };
		EDEF4E551F759A6A006BBBC7 /* AlamofireObjectMapper.framework in Frameworks */ = {isa = PBXBuildFile; fileRef = EDEF4E521F759A3B006BBBC7 /* AlamofireObjectMapper.framework */; };
		EDEF4E561F759A6F006BBBC7 /* ObjectMapper.framework in Frameworks */ = {isa = PBXBuildFile; fileRef = EDEF4E531F759A3B006BBBC7 /* ObjectMapper.framework */; };
		EDEF4E571F759A72006BBBC7 /* PullToRefresh.framework in Frameworks */ = {isa = PBXBuildFile; fileRef = EDEF4E511F759A3A006BBBC7 /* PullToRefresh.framework */; };
		EDEF4E581F759A7A006BBBC7 /* Alamofire.framework in Frameworks */ = {isa = PBXBuildFile; fileRef = EDEF4E501F759A3A006BBBC7 /* Alamofire.framework */; };
		EDEF4E591F759A7A006BBBC7 /* Alamofire.framework in Embed Frameworks */ = {isa = PBXBuildFile; fileRef = EDEF4E501F759A3A006BBBC7 /* Alamofire.framework */; settings = {ATTRIBUTES = (CodeSignOnCopy, RemoveHeadersOnCopy, ); }; };
		EDEF4E5A1F759A7A006BBBC7 /* AlamofireObjectMapper.framework in Frameworks */ = {isa = PBXBuildFile; fileRef = EDEF4E521F759A3B006BBBC7 /* AlamofireObjectMapper.framework */; };
		EDEF4E5B1F759A7A006BBBC7 /* AlamofireObjectMapper.framework in Embed Frameworks */ = {isa = PBXBuildFile; fileRef = EDEF4E521F759A3B006BBBC7 /* AlamofireObjectMapper.framework */; settings = {ATTRIBUTES = (CodeSignOnCopy, RemoveHeadersOnCopy, ); }; };
		EDEF4E5C1F759A7A006BBBC7 /* ObjectMapper.framework in Frameworks */ = {isa = PBXBuildFile; fileRef = EDEF4E531F759A3B006BBBC7 /* ObjectMapper.framework */; };
		EDEF4E5D1F759A7A006BBBC7 /* ObjectMapper.framework in Embed Frameworks */ = {isa = PBXBuildFile; fileRef = EDEF4E531F759A3B006BBBC7 /* ObjectMapper.framework */; settings = {ATTRIBUTES = (CodeSignOnCopy, RemoveHeadersOnCopy, ); }; };
		EDEF4E5E1F759A7A006BBBC7 /* PullToRefresh.framework in Frameworks */ = {isa = PBXBuildFile; fileRef = EDEF4E511F759A3A006BBBC7 /* PullToRefresh.framework */; };
		EDEF4E5F1F759A7A006BBBC7 /* PullToRefresh.framework in Embed Frameworks */ = {isa = PBXBuildFile; fileRef = EDEF4E511F759A3A006BBBC7 /* PullToRefresh.framework */; settings = {ATTRIBUTES = (CodeSignOnCopy, RemoveHeadersOnCopy, ); }; };
/* End PBXBuildFile section */

/* Begin PBXContainerItemProxy section */
		ED342AAA1E3FCD1300D8D212 /* PBXContainerItemProxy */ = {
			isa = PBXContainerItemProxy;
			containerPortal = ED342A8D1E3FCD1200D8D212 /* Project object */;
			proxyType = 1;
			remoteGlobalIDString = ED342A941E3FCD1200D8D212;
			remoteInfo = WIMB230;
		};
		EDB19A931E539A3F0044C933 /* PBXContainerItemProxy */ = {
			isa = PBXContainerItemProxy;
			containerPortal = ED342A8D1E3FCD1200D8D212 /* Project object */;
			proxyType = 1;
			remoteGlobalIDString = EDB19A881E539A3F0044C933;
			remoteInfo = WIMB230Widget;
		};
/* End PBXContainerItemProxy section */

/* Begin PBXCopyFilesBuildPhase section */
		ED0B99671F69106A00C02A5A /* Embed Frameworks */ = {
			isa = PBXCopyFilesBuildPhase;
			buildActionMask = 12;
			dstPath = "";
			dstSubfolderSpec = 10;
			files = (
				EDEF4E5D1F759A7A006BBBC7 /* ObjectMapper.framework in Embed Frameworks */,
				EDEF4E591F759A7A006BBBC7 /* Alamofire.framework in Embed Frameworks */,
				EDEF4E5F1F759A7A006BBBC7 /* PullToRefresh.framework in Embed Frameworks */,
				EDEF4E5B1F759A7A006BBBC7 /* AlamofireObjectMapper.framework in Embed Frameworks */,
			);
			name = "Embed Frameworks";
			runOnlyForDeploymentPostprocessing = 0;
		};
		EDB19A951E539A3F0044C933 /* Embed App Extensions */ = {
			isa = PBXCopyFilesBuildPhase;
			buildActionMask = 2147483647;
			dstPath = "";
			dstSubfolderSpec = 13;
			files = (
				EDB19A961E539A3F0044C933 /* WIMB230Widget.appex in Embed App Extensions */,
			);
			name = "Embed App Extensions";
			runOnlyForDeploymentPostprocessing = 0;
		};
/* End PBXCopyFilesBuildPhase section */

/* Begin PBXFileReference section */
		ED09DD4B1F6A9B3100FBC284 /* BusView.xib */ = {isa = PBXFileReference; fileEncoding = 4; lastKnownFileType = file.xib; path = BusView.xib; sourceTree = "<group>"; };
		ED09DD4D1F6A9C4600FBC284 /* PullToRefreshBus.swift */ = {isa = PBXFileReference; fileEncoding = 4; lastKnownFileType = sourcecode.swift; path = PullToRefreshBus.swift; sourceTree = "<group>"; };
		ED19E2C51F7EEB7E005289E5 /* PassageCell.swift */ = {isa = PBXFileReference; lastKnownFileType = sourcecode.swift; path = PassageCell.swift; sourceTree = "<group>"; };
		ED342A951E3FCD1200D8D212 /* WIMB230.app */ = {isa = PBXFileReference; explicitFileType = wrapper.application; includeInIndex = 0; path = WIMB230.app; sourceTree = BUILT_PRODUCTS_DIR; };
		ED342A981E3FCD1200D8D212 /* AppDelegate.swift */ = {isa = PBXFileReference; lastKnownFileType = sourcecode.swift; path = AppDelegate.swift; sourceTree = "<group>"; };
		ED342A9A1E3FCD1200D8D212 /* WIMB230ViewController.swift */ = {isa = PBXFileReference; lastKnownFileType = sourcecode.swift; path = WIMB230ViewController.swift; sourceTree = "<group>"; };
		ED342A9D1E3FCD1200D8D212 /* Base */ = {isa = PBXFileReference; lastKnownFileType = file.storyboard; name = Base; path = Base.lproj/Main.storyboard; sourceTree = "<group>"; };
		ED342A9F1E3FCD1200D8D212 /* Assets.xcassets */ = {isa = PBXFileReference; lastKnownFileType = folder.assetcatalog; path = Assets.xcassets; sourceTree = "<group>"; };
		ED342AA21E3FCD1200D8D212 /* Base */ = {isa = PBXFileReference; lastKnownFileType = file.storyboard; name = Base; path = Base.lproj/LaunchScreen.storyboard; sourceTree = "<group>"; };
		ED342AA41E3FCD1200D8D212 /* Info.plist */ = {isa = PBXFileReference; lastKnownFileType = text.plist.xml; path = Info.plist; sourceTree = "<group>"; };
		ED342AA91E3FCD1300D8D212 /* WIMB230Tests.xctest */ = {isa = PBXFileReference; explicitFileType = wrapper.cfbundle; includeInIndex = 0; path = WIMB230Tests.xctest; sourceTree = BUILT_PRODUCTS_DIR; };
		ED342AAD1E3FCD1300D8D212 /* WIMB230Tests.swift */ = {isa = PBXFileReference; lastKnownFileType = sourcecode.swift; path = WIMB230Tests.swift; sourceTree = "<group>"; };
		ED342AAF1E3FCD1300D8D212 /* Info.plist */ = {isa = PBXFileReference; lastKnownFileType = text.plist.xml; path = Info.plist; sourceTree = "<group>"; };
		ED342ACB1E3FD7C500D8D212 /* BusPassage.swift */ = {isa = PBXFileReference; fileEncoding = 4; lastKnownFileType = sourcecode.swift; path = BusPassage.swift; sourceTree = "<group>"; };
		ED7129B11EEF30550023A048 /* SetBusStopViewController.swift */ = {isa = PBXFileReference; fileEncoding = 4; lastKnownFileType = sourcecode.swift; path = SetBusStopViewController.swift; sourceTree = "<group>"; };
		EDB19A891E539A3F0044C933 /* WIMB230Widget.appex */ = {isa = PBXFileReference; explicitFileType = "wrapper.app-extension"; includeInIndex = 0; path = WIMB230Widget.appex; sourceTree = BUILT_PRODUCTS_DIR; };
		EDB19A8D1E539A3F0044C933 /* TodayViewController.swift */ = {isa = PBXFileReference; lastKnownFileType = sourcecode.swift; path = TodayViewController.swift; sourceTree = "<group>"; };
		EDB19A901E539A3F0044C933 /* Base */ = {isa = PBXFileReference; lastKnownFileType = file.storyboard; name = Base; path = Base.lproj/MainInterface.storyboard; sourceTree = "<group>"; };
		EDB19A921E539A3F0044C933 /* Info.plist */ = {isa = PBXFileReference; lastKnownFileType = text.plist.xml; path = Info.plist; sourceTree = "<group>"; };
		EDB19AA11E539ABD0044C933 /* WIMB230Client.swift */ = {isa = PBXFileReference; fileEncoding = 4; lastKnownFileType = sourcecode.swift; path = WIMB230Client.swift; sourceTree = "<group>"; };
		EDBD78791F9A88FE00F6AF9D /* PassagePeekView.swift */ = {isa = PBXFileReference; lastKnownFileType = sourcecode.swift; path = PassagePeekView.swift; sourceTree = "<group>"; };
		EDBD787B1F9E59E700F6AF9D /* ReminderSetter.swift */ = {isa = PBXFileReference; lastKnownFileType = sourcecode.swift; path = ReminderSetter.swift; sourceTree = "<group>"; };
		EDBD787D1F9E6DB400F6AF9D /* BusPassageFormatter.swift */ = {isa = PBXFileReference; lastKnownFileType = sourcecode.swift; path = BusPassageFormatter.swift; sourceTree = "<group>"; };
		EDEF4E501F759A3A006BBBC7 /* Alamofire.framework */ = {isa = PBXFileReference; lastKnownFileType = wrapper.framework; name = Alamofire.framework; path = ../Carthage/Build/iOS/Alamofire.framework; sourceTree = "<group>"; };
		EDEF4E511F759A3A006BBBC7 /* PullToRefresh.framework */ = {isa = PBXFileReference; lastKnownFileType = wrapper.framework; name = PullToRefresh.framework; path = ../Carthage/Build/iOS/PullToRefresh.framework; sourceTree = "<group>"; };
		EDEF4E521F759A3B006BBBC7 /* AlamofireObjectMapper.framework */ = {isa = PBXFileReference; lastKnownFileType = wrapper.framework; name = AlamofireObjectMapper.framework; path = ../Carthage/Build/iOS/AlamofireObjectMapper.framework; sourceTree = "<group>"; };
		EDEF4E531F759A3B006BBBC7 /* ObjectMapper.framework */ = {isa = PBXFileReference; lastKnownFileType = wrapper.framework; name = ObjectMapper.framework; path = ../Carthage/Build/iOS/ObjectMapper.framework; sourceTree = "<group>"; };
/* End PBXFileReference section */

/* Begin PBXFrameworksBuildPhase section */
		ED342A921E3FCD1200D8D212 /* Frameworks */ = {
			isa = PBXFrameworksBuildPhase;
			buildActionMask = 2147483647;
			files = (
				EDEF4E541F759A62006BBBC7 /* Alamofire.framework in Frameworks */,
				EDEF4E5A1F759A7A006BBBC7 /* AlamofireObjectMapper.framework in Frameworks */,
				EDEF4E5E1F759A7A006BBBC7 /* PullToRefresh.framework in Frameworks */,
				EDEF4E551F759A6A006BBBC7 /* AlamofireObjectMapper.framework in Frameworks */,
				EDEF4E561F759A6F006BBBC7 /* ObjectMapper.framework in Frameworks */,
				EDEF4E581F759A7A006BBBC7 /* Alamofire.framework in Frameworks */,
				EDEF4E571F759A72006BBBC7 /* PullToRefresh.framework in Frameworks */,
				EDEF4E5C1F759A7A006BBBC7 /* ObjectMapper.framework in Frameworks */,
			);
			runOnlyForDeploymentPostprocessing = 0;
		};
		ED342AA61E3FCD1300D8D212 /* Frameworks */ = {
			isa = PBXFrameworksBuildPhase;
			buildActionMask = 2147483647;
			files = (
			);
			runOnlyForDeploymentPostprocessing = 0;
		};
		EDB19A861E539A3F0044C933 /* Frameworks */ = {
			isa = PBXFrameworksBuildPhase;
			buildActionMask = 2147483647;
			files = (
			);
			runOnlyForDeploymentPostprocessing = 0;
		};
/* End PBXFrameworksBuildPhase section */

/* Begin PBXGroup section */
		ED342A8C1E3FCD1200D8D212 = {
			isa = PBXGroup;
			children = (
				EDEF4E501F759A3A006BBBC7 /* Alamofire.framework */,
				EDEF4E521F759A3B006BBBC7 /* AlamofireObjectMapper.framework */,
				EDEF4E531F759A3B006BBBC7 /* ObjectMapper.framework */,
				EDEF4E511F759A3A006BBBC7 /* PullToRefresh.framework */,
				ED342A971E3FCD1200D8D212 /* WIMB230 */,
				ED342AAC1E3FCD1300D8D212 /* WIMB230Tests */,
				EDB19A8C1E539A3F0044C933 /* WIMB230Widget */,
				ED342A961E3FCD1200D8D212 /* Products */,
				ED342B211E3FE27600D8D212 /* Frameworks */,
			);
			sourceTree = "<group>";
		};
		ED342A961E3FCD1200D8D212 /* Products */ = {
			isa = PBXGroup;
			children = (
				ED342A951E3FCD1200D8D212 /* WIMB230.app */,
				ED342AA91E3FCD1300D8D212 /* WIMB230Tests.xctest */,
				EDB19A891E539A3F0044C933 /* WIMB230Widget.appex */,
			);
			name = Products;
			sourceTree = "<group>";
		};
		ED342A971E3FCD1200D8D212 /* WIMB230 */ = {
			isa = PBXGroup;
			children = (
				EDB19AA11E539ABD0044C933 /* WIMB230Client.swift */,
				ED342A981E3FCD1200D8D212 /* AppDelegate.swift */,
				ED342A9A1E3FCD1200D8D212 /* WIMB230ViewController.swift */,
				ED342ACB1E3FD7C500D8D212 /* BusPassage.swift */,
				ED342A9C1E3FCD1200D8D212 /* Main.storyboard */,
				ED342A9F1E3FCD1200D8D212 /* Assets.xcassets */,
				ED342AA11E3FCD1200D8D212 /* LaunchScreen.storyboard */,
				ED342AA41E3FCD1200D8D212 /* Info.plist */,
				ED7129B11EEF30550023A048 /* SetBusStopViewController.swift */,
				ED09DD4B1F6A9B3100FBC284 /* BusView.xib */,
				ED09DD4D1F6A9C4600FBC284 /* PullToRefreshBus.swift */,
				ED19E2C51F7EEB7E005289E5 /* PassageCell.swift */,
				EDBD78791F9A88FE00F6AF9D /* PassagePeekView.swift */,
				EDBD787B1F9E59E700F6AF9D /* ReminderSetter.swift */,
				EDBD787D1F9E6DB400F6AF9D /* BusPassageFormatter.swift */,
			);
			path = WIMB230;
			sourceTree = "<group>";
		};
		ED342AAC1E3FCD1300D8D212 /* WIMB230Tests */ = {
			isa = PBXGroup;
			children = (
				ED342AAD1E3FCD1300D8D212 /* WIMB230Tests.swift */,
				ED342AAF1E3FCD1300D8D212 /* Info.plist */,
			);
			path = WIMB230Tests;
			sourceTree = "<group>";
		};
		ED342B211E3FE27600D8D212 /* Frameworks */ = {
			isa = PBXGroup;
			children = (
			);
			name = Frameworks;
			sourceTree = "<group>";
		};
		EDB19A8C1E539A3F0044C933 /* WIMB230Widget */ = {
			isa = PBXGroup;
			children = (
				EDB19A8D1E539A3F0044C933 /* TodayViewController.swift */,
				EDB19A8F1E539A3F0044C933 /* MainInterface.storyboard */,
				EDB19A921E539A3F0044C933 /* Info.plist */,
			);
			path = WIMB230Widget;
			sourceTree = "<group>";
		};
/* End PBXGroup section */

/* Begin PBXNativeTarget section */
		ED342A941E3FCD1200D8D212 /* WIMB230 */ = {
			isa = PBXNativeTarget;
			buildConfigurationList = ED342AB21E3FCD1300D8D212 /* Build configuration list for PBXNativeTarget "WIMB230" */;
			buildPhases = (
				ED342A911E3FCD1200D8D212 /* Sources */,
				ED342A921E3FCD1200D8D212 /* Frameworks */,
				ED342A931E3FCD1200D8D212 /* Resources */,
				EDB19A951E539A3F0044C933 /* Embed App Extensions */,
				ED0B99671F69106A00C02A5A /* Embed Frameworks */,
				ED1D91D31F7C2BB700D97865 /* ShellScript */,
			);
			buildRules = (
			);
			dependencies = (
				EDB19A941E539A3F0044C933 /* PBXTargetDependency */,
			);
			name = WIMB230;
			productName = WIMB230;
			productReference = ED342A951E3FCD1200D8D212 /* WIMB230.app */;
			productType = "com.apple.product-type.application";
		};
		ED342AA81E3FCD1300D8D212 /* WIMB230Tests */ = {
			isa = PBXNativeTarget;
			buildConfigurationList = ED342AB51E3FCD1300D8D212 /* Build configuration list for PBXNativeTarget "WIMB230Tests" */;
			buildPhases = (
				ED342AA51E3FCD1300D8D212 /* Sources */,
				ED342AA61E3FCD1300D8D212 /* Frameworks */,
				ED342AA71E3FCD1300D8D212 /* Resources */,
			);
			buildRules = (
			);
			dependencies = (
				ED342AAB1E3FCD1300D8D212 /* PBXTargetDependency */,
			);
			name = WIMB230Tests;
			productName = WIMB230Tests;
			productReference = ED342AA91E3FCD1300D8D212 /* WIMB230Tests.xctest */;
			productType = "com.apple.product-type.bundle.unit-test";
		};
		EDB19A881E539A3F0044C933 /* WIMB230Widget */ = {
			isa = PBXNativeTarget;
			buildConfigurationList = EDB19AA01E539A3F0044C933 /* Build configuration list for PBXNativeTarget "WIMB230Widget" */;
			buildPhases = (
				EDB19A851E539A3F0044C933 /* Sources */,
				EDB19A861E539A3F0044C933 /* Frameworks */,
				EDB19A871E539A3F0044C933 /* Resources */,
			);
			buildRules = (
			);
			dependencies = (
			);
			name = WIMB230Widget;
			productName = WIMB230Widget;
			productReference = EDB19A891E539A3F0044C933 /* WIMB230Widget.appex */;
			productType = "com.apple.product-type.app-extension";
		};
/* End PBXNativeTarget section */

/* Begin PBXProject section */
		ED342A8D1E3FCD1200D8D212 /* Project object */ = {
			isa = PBXProject;
			attributes = {
				LastSwiftUpdateCheck = 0820;
				LastUpgradeCheck = 0900;
				ORGANIZATIONNAME = Paraita;
				TargetAttributes = {
					ED342A941E3FCD1200D8D212 = {
						CreatedOnToolsVersion = 8.2.1;
						DevelopmentTeam = 66S33T67HD;
						LastSwiftMigration = 0900;
						ProvisioningStyle = Automatic;
					};
					ED342AA81E3FCD1300D8D212 = {
						CreatedOnToolsVersion = 8.2.1;
						DevelopmentTeam = 66S33T67HD;
						LastSwiftMigration = 0900;
						ProvisioningStyle = Automatic;
						TestTargetID = ED342A941E3FCD1200D8D212;
					};
					EDB19A881E539A3F0044C933 = {
						CreatedOnToolsVersion = 8.2.1;
						DevelopmentTeam = 66S33T67HD;
						LastSwiftMigration = 0900;
						ProvisioningStyle = Automatic;
					};
				};
			};
			buildConfigurationList = ED342A901E3FCD1200D8D212 /* Build configuration list for PBXProject "WIMB230" */;
			compatibilityVersion = "Xcode 3.2";
			developmentRegion = English;
			hasScannedForEncodings = 0;
			knownRegions = (
				en,
				Base,
			);
			mainGroup = ED342A8C1E3FCD1200D8D212;
			productRefGroup = ED342A961E3FCD1200D8D212 /* Products */;
			projectDirPath = "";
			projectRoot = "";
			targets = (
				ED342A941E3FCD1200D8D212 /* WIMB230 */,
				ED342AA81E3FCD1300D8D212 /* WIMB230Tests */,
				EDB19A881E539A3F0044C933 /* WIMB230Widget */,
			);
		};
/* End PBXProject section */

/* Begin PBXResourcesBuildPhase section */
		ED342A931E3FCD1200D8D212 /* Resources */ = {
			isa = PBXResourcesBuildPhase;
			buildActionMask = 2147483647;
			files = (
				ED342AA31E3FCD1200D8D212 /* LaunchScreen.storyboard in Resources */,
				ED09DD4C1F6A9B3100FBC284 /* BusView.xib in Resources */,
				ED342AA01E3FCD1200D8D212 /* Assets.xcassets in Resources */,
				ED342A9E1E3FCD1200D8D212 /* Main.storyboard in Resources */,
			);
			runOnlyForDeploymentPostprocessing = 0;
		};
		ED342AA71E3FCD1300D8D212 /* Resources */ = {
			isa = PBXResourcesBuildPhase;
			buildActionMask = 2147483647;
			files = (
			);
			runOnlyForDeploymentPostprocessing = 0;
		};
		EDB19A871E539A3F0044C933 /* Resources */ = {
			isa = PBXResourcesBuildPhase;
			buildActionMask = 2147483647;
			files = (
				EDB19AAC1E54E0340044C933 /* Assets.xcassets in Resources */,
				EDB19A911E539A3F0044C933 /* MainInterface.storyboard in Resources */,
			);
			runOnlyForDeploymentPostprocessing = 0;
		};
/* End PBXResourcesBuildPhase section */

/* Begin PBXShellScriptBuildPhase section */
		ED1D91D31F7C2BB700D97865 /* ShellScript */ = {
			isa = PBXShellScriptBuildPhase;
			buildActionMask = 2147483647;
			files = (
			);
			inputPaths = (
			);
			outputPaths = (
			);
			runOnlyForDeploymentPostprocessing = 0;
			shellPath = /bin/sh;
			shellScript = "if which swiftlint >/dev/null; then\n    swiftlint\nelse\n    echo \"warning: SwiftLint not installed, download from https://github.com/realm/SwiftLint\"\nfi";
		};
/* End PBXShellScriptBuildPhase section */

/* Begin PBXSourcesBuildPhase section */
		ED342A911E3FCD1200D8D212 /* Sources */ = {
			isa = PBXSourcesBuildPhase;
			buildActionMask = 2147483647;
			files = (
				ED7129B21EEF30550023A048 /* SetBusStopViewController.swift in Sources */,
				EDBD787C1F9E59E700F6AF9D /* ReminderSetter.swift in Sources */,
				EDBD787E1F9E6DB400F6AF9D /* BusPassageFormatter.swift in Sources */,
				ED342A9B1E3FCD1200D8D212 /* WIMB230ViewController.swift in Sources */,
				ED19E2C61F7EEB7E005289E5 /* PassageCell.swift in Sources */,
				EDB19AA21E539ABD0044C933 /* WIMB230Client.swift in Sources */,
				EDBD787A1F9A88FE00F6AF9D /* PassagePeekView.swift in Sources */,
				ED09DD4E1F6A9C4600FBC284 /* PullToRefreshBus.swift in Sources */,
				ED342ACC1E3FD7C500D8D212 /* BusPassage.swift in Sources */,
				ED342A991E3FCD1200D8D212 /* AppDelegate.swift in Sources */,
			);
			runOnlyForDeploymentPostprocessing = 0;
		};
		ED342AA51E3FCD1300D8D212 /* Sources */ = {
			isa = PBXSourcesBuildPhase;
			buildActionMask = 2147483647;
			files = (
				ED342AAE1E3FCD1300D8D212 /* WIMB230Tests.swift in Sources */,
			);
			runOnlyForDeploymentPostprocessing = 0;
		};
		EDB19A851E539A3F0044C933 /* Sources */ = {
			isa = PBXSourcesBuildPhase;
			buildActionMask = 2147483647;
			files = (
				EDB19AAA1E54806E0044C933 /* WIMB230Client.swift in Sources */,
				EDB19AAB1E54806E0044C933 /* BusPassage.swift in Sources */,
				EDB19A8E1E539A3F0044C933 /* TodayViewController.swift in Sources */,
			);
			runOnlyForDeploymentPostprocessing = 0;
		};
/* End PBXSourcesBuildPhase section */

/* Begin PBXTargetDependency section */
		ED342AAB1E3FCD1300D8D212 /* PBXTargetDependency */ = {
			isa = PBXTargetDependency;
			target = ED342A941E3FCD1200D8D212 /* WIMB230 */;
			targetProxy = ED342AAA1E3FCD1300D8D212 /* PBXContainerItemProxy */;
		};
		EDB19A941E539A3F0044C933 /* PBXTargetDependency */ = {
			isa = PBXTargetDependency;
			target = EDB19A881E539A3F0044C933 /* WIMB230Widget */;
			targetProxy = EDB19A931E539A3F0044C933 /* PBXContainerItemProxy */;
		};
/* End PBXTargetDependency section */

/* Begin PBXVariantGroup section */
		ED342A9C1E3FCD1200D8D212 /* Main.storyboard */ = {
			isa = PBXVariantGroup;
			children = (
				ED342A9D1E3FCD1200D8D212 /* Base */,
			);
			name = Main.storyboard;
			sourceTree = "<group>";
		};
		ED342AA11E3FCD1200D8D212 /* LaunchScreen.storyboard */ = {
			isa = PBXVariantGroup;
			children = (
				ED342AA21E3FCD1200D8D212 /* Base */,
			);
			name = LaunchScreen.storyboard;
			sourceTree = "<group>";
		};
		EDB19A8F1E539A3F0044C933 /* MainInterface.storyboard */ = {
			isa = PBXVariantGroup;
			children = (
				EDB19A901E539A3F0044C933 /* Base */,
			);
			name = MainInterface.storyboard;
			sourceTree = "<group>";
		};
/* End PBXVariantGroup section */

/* Begin XCBuildConfiguration section */
		ED342AB01E3FCD1300D8D212 /* Debug */ = {
			isa = XCBuildConfiguration;
			buildSettings = {
				ALWAYS_SEARCH_USER_PATHS = NO;
				CLANG_ANALYZER_NONNULL = YES;
				CLANG_CXX_LANGUAGE_STANDARD = "gnu++0x";
				CLANG_CXX_LIBRARY = "libc++";
				CLANG_ENABLE_MODULES = YES;
				CLANG_ENABLE_OBJC_ARC = YES;
				CLANG_WARN_BLOCK_CAPTURE_AUTORELEASING = YES;
				CLANG_WARN_BOOL_CONVERSION = YES;
				CLANG_WARN_COMMA = YES;
				CLANG_WARN_CONSTANT_CONVERSION = YES;
				CLANG_WARN_DIRECT_OBJC_ISA_USAGE = YES_ERROR;
				CLANG_WARN_DOCUMENTATION_COMMENTS = YES;
				CLANG_WARN_EMPTY_BODY = YES;
				CLANG_WARN_ENUM_CONVERSION = YES;
				CLANG_WARN_INFINITE_RECURSION = YES;
				CLANG_WARN_INT_CONVERSION = YES;
				CLANG_WARN_NON_LITERAL_NULL_CONVERSION = YES;
				CLANG_WARN_OBJC_LITERAL_CONVERSION = YES;
				CLANG_WARN_OBJC_ROOT_CLASS = YES_ERROR;
				CLANG_WARN_RANGE_LOOP_ANALYSIS = YES;
				CLANG_WARN_STRICT_PROTOTYPES = YES;
				CLANG_WARN_SUSPICIOUS_MOVE = YES;
				CLANG_WARN_UNREACHABLE_CODE = YES;
				CLANG_WARN__DUPLICATE_METHOD_MATCH = YES;
				"CODE_SIGN_IDENTITY[sdk=iphoneos*]" = "iPhone Developer";
				COPY_PHASE_STRIP = NO;
				DEBUG_INFORMATION_FORMAT = dwarf;
				ENABLE_STRICT_OBJC_MSGSEND = YES;
				ENABLE_TESTABILITY = YES;
				FRAMEWORK_SEARCH_PATHS = "$(SRCROOT)/**";
				GCC_C_LANGUAGE_STANDARD = gnu99;
				GCC_DYNAMIC_NO_PIC = NO;
				GCC_NO_COMMON_BLOCKS = YES;
				GCC_OPTIMIZATION_LEVEL = 0;
				GCC_PREPROCESSOR_DEFINITIONS = (
					"DEBUG=1",
					"$(inherited)",
				);
				GCC_WARN_64_TO_32_BIT_CONVERSION = YES;
				GCC_WARN_ABOUT_RETURN_TYPE = YES_ERROR;
				GCC_WARN_UNDECLARED_SELECTOR = YES;
				GCC_WARN_UNINITIALIZED_AUTOS = YES_AGGRESSIVE;
				GCC_WARN_UNUSED_FUNCTION = YES;
				GCC_WARN_UNUSED_VARIABLE = YES;
				IPHONEOS_DEPLOYMENT_TARGET = 11.0;
				MTL_ENABLE_DEBUG_INFO = YES;
				ONLY_ACTIVE_ARCH = YES;
				SDKROOT = iphoneos;
				SWIFT_ACTIVE_COMPILATION_CONDITIONS = DEBUG;
				SWIFT_OPTIMIZATION_LEVEL = "-Onone";
				TARGETED_DEVICE_FAMILY = "1,2";
			};
			name = Debug;
		};
		ED342AB11E3FCD1300D8D212 /* Release */ = {
			isa = XCBuildConfiguration;
			buildSettings = {
				ALWAYS_SEARCH_USER_PATHS = NO;
				CLANG_ANALYZER_NONNULL = YES;
				CLANG_CXX_LANGUAGE_STANDARD = "gnu++0x";
				CLANG_CXX_LIBRARY = "libc++";
				CLANG_ENABLE_MODULES = YES;
				CLANG_ENABLE_OBJC_ARC = YES;
				CLANG_WARN_BLOCK_CAPTURE_AUTORELEASING = YES;
				CLANG_WARN_BOOL_CONVERSION = YES;
				CLANG_WARN_COMMA = YES;
				CLANG_WARN_CONSTANT_CONVERSION = YES;
				CLANG_WARN_DIRECT_OBJC_ISA_USAGE = YES_ERROR;
				CLANG_WARN_DOCUMENTATION_COMMENTS = YES;
				CLANG_WARN_EMPTY_BODY = YES;
				CLANG_WARN_ENUM_CONVERSION = YES;
				CLANG_WARN_INFINITE_RECURSION = YES;
				CLANG_WARN_INT_CONVERSION = YES;
				CLANG_WARN_NON_LITERAL_NULL_CONVERSION = YES;
				CLANG_WARN_OBJC_LITERAL_CONVERSION = YES;
				CLANG_WARN_OBJC_ROOT_CLASS = YES_ERROR;
				CLANG_WARN_RANGE_LOOP_ANALYSIS = YES;
				CLANG_WARN_STRICT_PROTOTYPES = YES;
				CLANG_WARN_SUSPICIOUS_MOVE = YES;
				CLANG_WARN_UNREACHABLE_CODE = YES;
				CLANG_WARN__DUPLICATE_METHOD_MATCH = YES;
				"CODE_SIGN_IDENTITY[sdk=iphoneos*]" = "iPhone Developer";
				COPY_PHASE_STRIP = NO;
				DEBUG_INFORMATION_FORMAT = "dwarf-with-dsym";
				ENABLE_NS_ASSERTIONS = NO;
				ENABLE_STRICT_OBJC_MSGSEND = YES;
				FRAMEWORK_SEARCH_PATHS = "$(SRCROOT)/**";
				GCC_C_LANGUAGE_STANDARD = gnu99;
				GCC_NO_COMMON_BLOCKS = YES;
				GCC_WARN_64_TO_32_BIT_CONVERSION = YES;
				GCC_WARN_ABOUT_RETURN_TYPE = YES_ERROR;
				GCC_WARN_UNDECLARED_SELECTOR = YES;
				GCC_WARN_UNINITIALIZED_AUTOS = YES_AGGRESSIVE;
				GCC_WARN_UNUSED_FUNCTION = YES;
				GCC_WARN_UNUSED_VARIABLE = YES;
				IPHONEOS_DEPLOYMENT_TARGET = 11.0;
				MTL_ENABLE_DEBUG_INFO = NO;
				SDKROOT = iphoneos;
				SWIFT_OPTIMIZATION_LEVEL = "-Owholemodule";
				TARGETED_DEVICE_FAMILY = "1,2";
				VALIDATE_PRODUCT = YES;
			};
			name = Release;
		};
		ED342AB31E3FCD1300D8D212 /* Debug */ = {
			isa = XCBuildConfiguration;
			buildSettings = {
				ALWAYS_EMBED_SWIFT_STANDARD_LIBRARIES = YES;
				ASSETCATALOG_COMPILER_APPICON_NAME = AppIcon;
				DEVELOPMENT_TEAM = 66S33T67HD;
				FRAMEWORK_SEARCH_PATHS = (
					"$(inherited)",
					"$(PROJECT_DIR)",
				);
				INFOPLIST_FILE = WIMB230/Info.plist;
				IPHONEOS_DEPLOYMENT_TARGET = 11.0;
				LD_RUNPATH_SEARCH_PATHS = "$(inherited) @executable_path/Frameworks";
				PRODUCT_BUNDLE_IDENTIFIER = com.hipopochat.WIMB230;
				PRODUCT_NAME = "$(TARGET_NAME)";
				SWIFT_SWIFT3_OBJC_INFERENCE = Default;
				SWIFT_VERSION = 4.0;
			};
			name = Debug;
		};
		ED342AB41E3FCD1300D8D212 /* Release */ = {
			isa = XCBuildConfiguration;
			buildSettings = {
				ALWAYS_EMBED_SWIFT_STANDARD_LIBRARIES = YES;
				ASSETCATALOG_COMPILER_APPICON_NAME = AppIcon;
				DEVELOPMENT_TEAM = 66S33T67HD;
				FRAMEWORK_SEARCH_PATHS = (
					"$(inherited)",
					"$(PROJECT_DIR)",
				);
				INFOPLIST_FILE = WIMB230/Info.plist;
				IPHONEOS_DEPLOYMENT_TARGET = 11.0;
				LD_RUNPATH_SEARCH_PATHS = "$(inherited) @executable_path/Frameworks";
				PRODUCT_BUNDLE_IDENTIFIER = com.hipopochat.WIMB230;
				PRODUCT_NAME = "$(TARGET_NAME)";
				SWIFT_SWIFT3_OBJC_INFERENCE = Default;
				SWIFT_VERSION = 4.0;
			};
			name = Release;
		};
		ED342AB61E3FCD1300D8D212 /* Debug */ = {
			isa = XCBuildConfiguration;
			buildSettings = {
				ALWAYS_EMBED_SWIFT_STANDARD_LIBRARIES = YES;
				BUNDLE_LOADER = "$(TEST_HOST)";
				DEVELOPMENT_TEAM = 66S33T67HD;
				INFOPLIST_FILE = WIMB230Tests/Info.plist;
				LD_RUNPATH_SEARCH_PATHS = "$(inherited) @executable_path/Frameworks @loader_path/Frameworks";
				PRODUCT_BUNDLE_IDENTIFIER = com.hipopochat.WIMB230Tests;
				PRODUCT_NAME = "$(TARGET_NAME)";
				SWIFT_SWIFT3_OBJC_INFERENCE = On;
				SWIFT_VERSION = 4.0;
				TEST_HOST = "$(BUILT_PRODUCTS_DIR)/WIMB230.app/WIMB230";
			};
			name = Debug;
		};
		ED342AB71E3FCD1300D8D212 /* Release */ = {
			isa = XCBuildConfiguration;
			buildSettings = {
				ALWAYS_EMBED_SWIFT_STANDARD_LIBRARIES = YES;
				BUNDLE_LOADER = "$(TEST_HOST)";
				DEVELOPMENT_TEAM = 66S33T67HD;
				INFOPLIST_FILE = WIMB230Tests/Info.plist;
				LD_RUNPATH_SEARCH_PATHS = "$(inherited) @executable_path/Frameworks @loader_path/Frameworks";
				PRODUCT_BUNDLE_IDENTIFIER = com.hipopochat.WIMB230Tests;
				PRODUCT_NAME = "$(TARGET_NAME)";
				SWIFT_SWIFT3_OBJC_INFERENCE = On;
				SWIFT_VERSION = 4.0;
				TEST_HOST = "$(BUILT_PRODUCTS_DIR)/WIMB230.app/WIMB230";
			};
			name = Release;
		};
		EDB19A971E539A3F0044C933 /* Debug */ = {
			isa = XCBuildConfiguration;
			buildSettings = {
				DEVELOPMENT_TEAM = 66S33T67HD;
				INFOPLIST_FILE = WIMB230Widget/Info.plist;
				LD_RUNPATH_SEARCH_PATHS = "$(inherited) @executable_path/Frameworks @executable_path/../../Frameworks";
				PRODUCT_BUNDLE_IDENTIFIER = com.hipopochat.WIMB230.WIMB230Widget;
				PRODUCT_NAME = "$(TARGET_NAME)";
				SKIP_INSTALL = YES;
				SWIFT_SWIFT3_OBJC_INFERENCE = Default;
				SWIFT_VERSION = 4.0;
			};
			name = Debug;
		};
		EDB19A981E539A3F0044C933 /* Release */ = {
			isa = XCBuildConfiguration;
			buildSettings = {
				DEVELOPMENT_TEAM = 66S33T67HD;
				INFOPLIST_FILE = WIMB230Widget/Info.plist;
				LD_RUNPATH_SEARCH_PATHS = "$(inherited) @executable_path/Frameworks @executable_path/../../Frameworks";
				PRODUCT_BUNDLE_IDENTIFIER = com.hipopochat.WIMB230.WIMB230Widget;
				PRODUCT_NAME = "$(TARGET_NAME)";
				SKIP_INSTALL = YES;
				SWIFT_SWIFT3_OBJC_INFERENCE = Default;
				SWIFT_VERSION = 4.0;
			};
			name = Release;
		};
/* End XCBuildConfiguration section */

/* Begin XCConfigurationList section */
		ED342A901E3FCD1200D8D212 /* Build configuration list for PBXProject "WIMB230" */ = {
			isa = XCConfigurationList;
			buildConfigurations = (
				ED342AB01E3FCD1300D8D212 /* Debug */,
				ED342AB11E3FCD1300D8D212 /* Release */,
			);
			defaultConfigurationIsVisible = 0;
			defaultConfigurationName = Release;
		};
		ED342AB21E3FCD1300D8D212 /* Build configuration list for PBXNativeTarget "WIMB230" */ = {
			isa = XCConfigurationList;
			buildConfigurations = (
				ED342AB31E3FCD1300D8D212 /* Debug */,
				ED342AB41E3FCD1300D8D212 /* Release */,
			);
			defaultConfigurationIsVisible = 0;
			defaultConfigurationName = Release;
		};
		ED342AB51E3FCD1300D8D212 /* Build configuration list for PBXNativeTarget "WIMB230Tests" */ = {
			isa = XCConfigurationList;
			buildConfigurations = (
				ED342AB61E3FCD1300D8D212 /* Debug */,
				ED342AB71E3FCD1300D8D212 /* Release */,
			);
			defaultConfigurationIsVisible = 0;
			defaultConfigurationName = Release;
		};
		EDB19AA01E539A3F0044C933 /* Build configuration list for PBXNativeTarget "WIMB230Widget" */ = {
			isa = XCConfigurationList;
			buildConfigurations = (
				EDB19A971E539A3F0044C933 /* Debug */,
				EDB19A981E539A3F0044C933 /* Release */,
			);
			defaultConfigurationIsVisible = 0;
			defaultConfigurationName = Release;
		};
/* End XCConfigurationList section */
	};
	rootObject = ED342A8D1E3FCD1200D8D212 /* Project object */;
}
