// !$*UTF8*$!
{
	archiveVersion = 1;
	classes = {
	};
	objectVersion = 46;
	objects = {

/* Begin PBXBuildFile section */
		ED342A991E3FCD1200D8D212 /* AppDelegate.swift in Sources */ = {isa = PBXBuildFile; fileRef = ED342A981E3FCD1200D8D212 /* AppDelegate.swift */; };
		ED342A9B1E3FCD1200D8D212 /* WIMB230ViewController.swift in Sources */ = {isa = PBXBuildFile; fileRef = ED342A9A1E3FCD1200D8D212 /* WIMB230ViewController.swift */; };
		ED342A9E1E3FCD1200D8D212 /* Main.storyboard in Resources */ = {isa = PBXBuildFile; fileRef = ED342A9C1E3FCD1200D8D212 /* Main.storyboard */; };
		ED342AA01E3FCD1200D8D212 /* Assets.xcassets in Resources */ = {isa = PBXBuildFile; fileRef = ED342A9F1E3FCD1200D8D212 /* Assets.xcassets */; };
		ED342AA31E3FCD1200D8D212 /* LaunchScreen.storyboard in Resources */ = {isa = PBXBuildFile; fileRef = ED342AA11E3FCD1200D8D212 /* LaunchScreen.storyboard */; };
		ED342AAE1E3FCD1300D8D212 /* WIMB230Tests.swift in Sources */ = {isa = PBXBuildFile; fileRef = ED342AAD1E3FCD1300D8D212 /* WIMB230Tests.swift */; };
		ED342ACC1E3FD7C500D8D212 /* BusPassage.swift in Sources */ = {isa = PBXBuildFile; fileRef = ED342ACB1E3FD7C500D8D212 /* BusPassage.swift */; };
		ED782CAF1E3FE6D3004D11E8 /* Alamofire.framework in Frameworks */ = {isa = PBXBuildFile; fileRef = ED782CAE1E3FE6D3004D11E8 /* Alamofire.framework */; };
		ED782CB01E3FE6D3004D11E8 /* Alamofire.framework in Embed Frameworks */ = {isa = PBXBuildFile; fileRef = ED782CAE1E3FE6D3004D11E8 /* Alamofire.framework */; settings = {ATTRIBUTES = (CodeSignOnCopy, RemoveHeadersOnCopy, ); }; };
		ED782CB21E3FE6D3004D11E8 /* ObjectMapper.framework in Frameworks */ = {isa = PBXBuildFile; fileRef = ED782CB11E3FE6D3004D11E8 /* ObjectMapper.framework */; };
		ED782CB31E3FE6D3004D11E8 /* ObjectMapper.framework in Embed Frameworks */ = {isa = PBXBuildFile; fileRef = ED782CB11E3FE6D3004D11E8 /* ObjectMapper.framework */; settings = {ATTRIBUTES = (CodeSignOnCopy, RemoveHeadersOnCopy, ); }; };
		ED782CB41E3FE6D3004D11E8 /* AlamofireObjectMapper.framework in Frameworks */ = {isa = PBXBuildFile; fileRef = ED782CA11E3FE685004D11E8 /* AlamofireObjectMapper.framework */; };
		ED782CB51E3FE6D3004D11E8 /* AlamofireObjectMapper.framework in Embed Frameworks */ = {isa = PBXBuildFile; fileRef = ED782CA11E3FE685004D11E8 /* AlamofireObjectMapper.framework */; settings = {ATTRIBUTES = (CodeSignOnCopy, RemoveHeadersOnCopy, ); }; };
		ED782CCA1E41354D004D11E8 /* PullToRefresh.framework in Frameworks */ = {isa = PBXBuildFile; fileRef = ED782CC91E41352C004D11E8 /* PullToRefresh.framework */; };
		ED782CCB1E41354D004D11E8 /* PullToRefresh.framework in Embed Frameworks */ = {isa = PBXBuildFile; fileRef = ED782CC91E41352C004D11E8 /* PullToRefresh.framework */; settings = {ATTRIBUTES = (CodeSignOnCopy, RemoveHeadersOnCopy, ); }; };
		EDB19A8B1E539A3F0044C933 /* NotificationCenter.framework in Frameworks */ = {isa = PBXBuildFile; fileRef = EDB19A8A1E539A3F0044C933 /* NotificationCenter.framework */; };
		EDB19A8E1E539A3F0044C933 /* TodayViewController.swift in Sources */ = {isa = PBXBuildFile; fileRef = EDB19A8D1E539A3F0044C933 /* TodayViewController.swift */; };
		EDB19A911E539A3F0044C933 /* MainInterface.storyboard in Resources */ = {isa = PBXBuildFile; fileRef = EDB19A8F1E539A3F0044C933 /* MainInterface.storyboard */; };
		EDB19A961E539A3F0044C933 /* WIMB230Widget.appex in Embed App Extensions */ = {isa = PBXBuildFile; fileRef = EDB19A891E539A3F0044C933 /* WIMB230Widget.appex */; settings = {ATTRIBUTES = (RemoveHeadersOnCopy, ); }; };
		EDB19AA21E539ABD0044C933 /* WIMB230Client.swift in Sources */ = {isa = PBXBuildFile; fileRef = EDB19AA11E539ABD0044C933 /* WIMB230Client.swift */; };
		EDB19AA51E54805B0044C933 /* AlamofireObjectMapper.framework in Frameworks */ = {isa = PBXBuildFile; fileRef = ED782CA11E3FE685004D11E8 /* AlamofireObjectMapper.framework */; };
		EDB19AA81E54805B0044C933 /* Alamofire.framework in Frameworks */ = {isa = PBXBuildFile; fileRef = EDB19AA61E54805B0044C933 /* Alamofire.framework */; };
		EDB19AA91E54805B0044C933 /* ObjectMapper.framework in Frameworks */ = {isa = PBXBuildFile; fileRef = EDB19AA71E54805B0044C933 /* ObjectMapper.framework */; };
		EDB19AAA1E54806E0044C933 /* WIMB230Client.swift in Sources */ = {isa = PBXBuildFile; fileRef = EDB19AA11E539ABD0044C933 /* WIMB230Client.swift */; };
		EDB19AAB1E54806E0044C933 /* BusPassage.swift in Sources */ = {isa = PBXBuildFile; fileRef = ED342ACB1E3FD7C500D8D212 /* BusPassage.swift */; };
		EDB19AAC1E54E0340044C933 /* Assets.xcassets in Resources */ = {isa = PBXBuildFile; fileRef = ED342A9F1E3FCD1200D8D212 /* Assets.xcassets */; };
/* End PBXBuildFile section */

/* Begin PBXContainerItemProxy section */
		ED342AAA1E3FCD1300D8D212 /* PBXContainerItemProxy */ = {
			isa = PBXContainerItemProxy;
			containerPortal = ED342A8D1E3FCD1200D8D212 /* Project object */;
			proxyType = 1;
			remoteGlobalIDString = ED342A941E3FCD1200D8D212;
			remoteInfo = WIMB230;
		};
		ED782CA01E3FE685004D11E8 /* PBXContainerItemProxy */ = {
			isa = PBXContainerItemProxy;
			containerPortal = ED782C941E3FE684004D11E8 /* AlamofireObjectMapper.xcodeproj */;
			proxyType = 2;
			remoteGlobalIDString = 6AB2A0111AF26C36001EBB20;
			remoteInfo = "AlamofireObjectMapper iOS";
		};
		ED782CA21E3FE685004D11E8 /* PBXContainerItemProxy */ = {
			isa = PBXContainerItemProxy;
			containerPortal = ED782C941E3FE684004D11E8 /* AlamofireObjectMapper.xcodeproj */;
			proxyType = 2;
			remoteGlobalIDString = 6AB2A01C1AF26C36001EBB20;
			remoteInfo = "AlamofireObjectMapperTests iOS";
		};
		ED782CA41E3FE685004D11E8 /* PBXContainerItemProxy */ = {
			isa = PBXContainerItemProxy;
			containerPortal = ED782C941E3FE684004D11E8 /* AlamofireObjectMapper.xcodeproj */;
			proxyType = 2;
			remoteGlobalIDString = 6AB2A0851AF27DF1001EBB20;
			remoteInfo = "AlamofireObjectMapper OSX";
		};
		ED782CA61E3FE685004D11E8 /* PBXContainerItemProxy */ = {
			isa = PBXContainerItemProxy;
			containerPortal = ED782C941E3FE684004D11E8 /* AlamofireObjectMapper.xcodeproj */;
			proxyType = 2;
			remoteGlobalIDString = 6AB2A08F1AF27DF1001EBB20;
			remoteInfo = "AlamofireObjectMapperTests OSX";
		};
		ED782CA81E3FE685004D11E8 /* PBXContainerItemProxy */ = {
			isa = PBXContainerItemProxy;
			containerPortal = ED782C941E3FE684004D11E8 /* AlamofireObjectMapper.xcodeproj */;
			proxyType = 2;
			remoteGlobalIDString = 6AC692061BE3F69E004C119A;
			remoteInfo = "AlamofireObjectMapper tvOS";
		};
		ED782CAA1E3FE685004D11E8 /* PBXContainerItemProxy */ = {
			isa = PBXContainerItemProxy;
			containerPortal = ED782C941E3FE684004D11E8 /* AlamofireObjectMapper.xcodeproj */;
			proxyType = 2;
			remoteGlobalIDString = 6AC692121BE3F7F5004C119A;
			remoteInfo = "AlamofireObjectMapperTests tvOS";
		};
		ED782CAC1E3FE685004D11E8 /* PBXContainerItemProxy */ = {
			isa = PBXContainerItemProxy;
			containerPortal = ED782C941E3FE684004D11E8 /* AlamofireObjectMapper.xcodeproj */;
			proxyType = 2;
			remoteGlobalIDString = 6AC4580C1BA34C5600054758;
			remoteInfo = "AlamofireObjectMapper watchOS";
		};
		ED782CB61E3FE6D3004D11E8 /* PBXContainerItemProxy */ = {
			isa = PBXContainerItemProxy;
			containerPortal = ED782C941E3FE684004D11E8 /* AlamofireObjectMapper.xcodeproj */;
			proxyType = 1;
			remoteGlobalIDString = 6AB2A0101AF26C36001EBB20;
			remoteInfo = "AlamofireObjectMapper iOS";
		};
		ED782CC61E41352C004D11E8 /* PBXContainerItemProxy */ = {
			isa = PBXContainerItemProxy;
			containerPortal = ED782CC11E41352C004D11E8 /* PullToRefreshDemo.xcodeproj */;
			proxyType = 2;
			remoteGlobalIDString = 4DDDB19D1B0F7ED700DE9D93;
			remoteInfo = PullToRefreshDemo;
		};
		ED782CC81E41352C004D11E8 /* PBXContainerItemProxy */ = {
			isa = PBXContainerItemProxy;
			containerPortal = ED782CC11E41352C004D11E8 /* PullToRefreshDemo.xcodeproj */;
			proxyType = 2;
			remoteGlobalIDString = 4DDDB1C71B0F7EE700DE9D93;
			remoteInfo = PullToRefresh;
		};
		ED782CCC1E41354D004D11E8 /* PBXContainerItemProxy */ = {
			isa = PBXContainerItemProxy;
			containerPortal = ED782CC11E41352C004D11E8 /* PullToRefreshDemo.xcodeproj */;
			proxyType = 1;
			remoteGlobalIDString = 4DDDB1C61B0F7EE700DE9D93;
			remoteInfo = PullToRefresh;
		};
		EDB19A931E539A3F0044C933 /* PBXContainerItemProxy */ = {
			isa = PBXContainerItemProxy;
			containerPortal = ED342A8D1E3FCD1200D8D212 /* Project object */;
			proxyType = 1;
			remoteGlobalIDString = EDB19A881E539A3F0044C933;
			remoteInfo = WIMB230Widget;
		};
/* End PBXContainerItemProxy section */

/* Begin PBXCopyFilesBuildPhase section */
		ED782CB81E3FE6D4004D11E8 /* Embed Frameworks */ = {
			isa = PBXCopyFilesBuildPhase;
			buildActionMask = 2147483647;
			dstPath = "";
			dstSubfolderSpec = 10;
			files = (
				ED782CB31E3FE6D3004D11E8 /* ObjectMapper.framework in Embed Frameworks */,
				ED782CB51E3FE6D3004D11E8 /* AlamofireObjectMapper.framework in Embed Frameworks */,
				ED782CCB1E41354D004D11E8 /* PullToRefresh.framework in Embed Frameworks */,
				ED782CB01E3FE6D3004D11E8 /* Alamofire.framework in Embed Frameworks */,
			);
			name = "Embed Frameworks";
			runOnlyForDeploymentPostprocessing = 0;
		};
		EDB19A951E539A3F0044C933 /* Embed App Extensions */ = {
			isa = PBXCopyFilesBuildPhase;
			buildActionMask = 2147483647;
			dstPath = "";
			dstSubfolderSpec = 13;
			files = (
				EDB19A961E539A3F0044C933 /* WIMB230Widget.appex in Embed App Extensions */,
			);
			name = "Embed App Extensions";
			runOnlyForDeploymentPostprocessing = 0;
		};
/* End PBXCopyFilesBuildPhase section */

/* Begin PBXFileReference section */
		ED342A951E3FCD1200D8D212 /* WIMB230.app */ = {isa = PBXFileReference; explicitFileType = wrapper.application; includeInIndex = 0; path = WIMB230.app; sourceTree = BUILT_PRODUCTS_DIR; };
		ED342A981E3FCD1200D8D212 /* AppDelegate.swift */ = {isa = PBXFileReference; lastKnownFileType = sourcecode.swift; path = AppDelegate.swift; sourceTree = "<group>"; };
		ED342A9A1E3FCD1200D8D212 /* WIMB230ViewController.swift */ = {isa = PBXFileReference; lastKnownFileType = sourcecode.swift; path = WIMB230ViewController.swift; sourceTree = "<group>"; };
		ED342A9D1E3FCD1200D8D212 /* Base */ = {isa = PBXFileReference; lastKnownFileType = file.storyboard; name = Base; path = Base.lproj/Main.storyboard; sourceTree = "<group>"; };
		ED342A9F1E3FCD1200D8D212 /* Assets.xcassets */ = {isa = PBXFileReference; lastKnownFileType = folder.assetcatalog; path = Assets.xcassets; sourceTree = "<group>"; };
		ED342AA21E3FCD1200D8D212 /* Base */ = {isa = PBXFileReference; lastKnownFileType = file.storyboard; name = Base; path = Base.lproj/LaunchScreen.storyboard; sourceTree = "<group>"; };
		ED342AA41E3FCD1200D8D212 /* Info.plist */ = {isa = PBXFileReference; lastKnownFileType = text.plist.xml; path = Info.plist; sourceTree = "<group>"; };
		ED342AA91E3FCD1300D8D212 /* WIMB230Tests.xctest */ = {isa = PBXFileReference; explicitFileType = wrapper.cfbundle; includeInIndex = 0; path = WIMB230Tests.xctest; sourceTree = BUILT_PRODUCTS_DIR; };
		ED342AAD1E3FCD1300D8D212 /* WIMB230Tests.swift */ = {isa = PBXFileReference; lastKnownFileType = sourcecode.swift; path = WIMB230Tests.swift; sourceTree = "<group>"; };
		ED342AAF1E3FCD1300D8D212 /* Info.plist */ = {isa = PBXFileReference; lastKnownFileType = text.plist.xml; path = Info.plist; sourceTree = "<group>"; };
		ED342ACB1E3FD7C500D8D212 /* BusPassage.swift */ = {isa = PBXFileReference; fileEncoding = 4; lastKnownFileType = sourcecode.swift; path = BusPassage.swift; sourceTree = "<group>"; };
		ED342B221E3FE27600D8D212 /* Alamofire.framework */ = {isa = PBXFileReference; lastKnownFileType = wrapper.framework; name = Alamofire.framework; path = "../Carthage/Checkouts/AlamofireObjectMapper/Carthage/Checkouts/Alamofire/build/Debug-iphoneos/Alamofire.framework"; sourceTree = "<group>"; };
		ED6E4F271E4BAF8A00DFDA60 /* TestStuff.playground */ = {isa = PBXFileReference; lastKnownFileType = file.playground; path = TestStuff.playground; sourceTree = "<group>"; };
		ED782C941E3FE684004D11E8 /* AlamofireObjectMapper.xcodeproj */ = {isa = PBXFileReference; lastKnownFileType = "wrapper.pb-project"; name = AlamofireObjectMapper.xcodeproj; path = ../Carthage/Checkouts/AlamofireObjectMapper/AlamofireObjectMapper.xcodeproj; sourceTree = "<group>"; };
		ED782CAE1E3FE6D3004D11E8 /* Alamofire.framework */ = {isa = PBXFileReference; explicitFileType = wrapper.framework; path = Alamofire.framework; sourceTree = BUILT_PRODUCTS_DIR; };
		ED782CB11E3FE6D3004D11E8 /* ObjectMapper.framework */ = {isa = PBXFileReference; explicitFileType = wrapper.framework; path = ObjectMapper.framework; sourceTree = BUILT_PRODUCTS_DIR; };
		ED782CC11E41352C004D11E8 /* PullToRefreshDemo.xcodeproj */ = {isa = PBXFileReference; lastKnownFileType = "wrapper.pb-project"; name = PullToRefreshDemo.xcodeproj; path = ../Carthage/Checkouts/PullToRefresh/PullToRefreshDemo.xcodeproj; sourceTree = "<group>"; };
		EDB19A891E539A3F0044C933 /* WIMB230Widget.appex */ = {isa = PBXFileReference; explicitFileType = "wrapper.app-extension"; includeInIndex = 0; path = WIMB230Widget.appex; sourceTree = BUILT_PRODUCTS_DIR; };
		EDB19A8A1E539A3F0044C933 /* NotificationCenter.framework */ = {isa = PBXFileReference; lastKnownFileType = wrapper.framework; name = NotificationCenter.framework; path = System/Library/Frameworks/NotificationCenter.framework; sourceTree = SDKROOT; };
		EDB19A8D1E539A3F0044C933 /* TodayViewController.swift */ = {isa = PBXFileReference; lastKnownFileType = sourcecode.swift; path = TodayViewController.swift; sourceTree = "<group>"; };
		EDB19A901E539A3F0044C933 /* Base */ = {isa = PBXFileReference; lastKnownFileType = file.storyboard; name = Base; path = Base.lproj/MainInterface.storyboard; sourceTree = "<group>"; };
		EDB19A921E539A3F0044C933 /* Info.plist */ = {isa = PBXFileReference; lastKnownFileType = text.plist.xml; path = Info.plist; sourceTree = "<group>"; };
		EDB19AA11E539ABD0044C933 /* WIMB230Client.swift */ = {isa = PBXFileReference; fileEncoding = 4; lastKnownFileType = sourcecode.swift; path = WIMB230Client.swift; sourceTree = "<group>"; };
		EDB19AA61E54805B0044C933 /* Alamofire.framework */ = {isa = PBXFileReference; lastKnownFileType = wrapper.framework; name = Alamofire.framework; path = "../../../Library/Developer/Xcode/DerivedData/WIMB230-eomyuakrpzvdevermjufsobgmlfz/Build/Products/Debug-iphonesimulator/Alamofire.framework"; sourceTree = "<group>"; };
		EDB19AA71E54805B0044C933 /* ObjectMapper.framework */ = {isa = PBXFileReference; lastKnownFileType = wrapper.framework; name = ObjectMapper.framework; path = "../../../Library/Developer/Xcode/DerivedData/WIMB230-eomyuakrpzvdevermjufsobgmlfz/Build/Products/Debug-iphonesimulator/ObjectMapper.framework"; sourceTree = "<group>"; };
/* End PBXFileReference section */

/* Begin PBXFrameworksBuildPhase section */
		ED342A921E3FCD1200D8D212 /* Frameworks */ = {
			isa = PBXFrameworksBuildPhase;
			buildActionMask = 2147483647;
			files = (
				ED782CB21E3FE6D3004D11E8 /* ObjectMapper.framework in Frameworks */,
				ED782CB41E3FE6D3004D11E8 /* AlamofireObjectMapper.framework in Frameworks */,
				ED782CCA1E41354D004D11E8 /* PullToRefresh.framework in Frameworks */,
				ED782CAF1E3FE6D3004D11E8 /* Alamofire.framework in Frameworks */,
			);
			runOnlyForDeploymentPostprocessing = 0;
		};
		ED342AA61E3FCD1300D8D212 /* Frameworks */ = {
			isa = PBXFrameworksBuildPhase;
			buildActionMask = 2147483647;
			files = (
			);
			runOnlyForDeploymentPostprocessing = 0;
		};
		EDB19A861E539A3F0044C933 /* Frameworks */ = {
			isa = PBXFrameworksBuildPhase;
			buildActionMask = 2147483647;
			files = (
				EDB19AA81E54805B0044C933 /* Alamofire.framework in Frameworks */,
				EDB19AA91E54805B0044C933 /* ObjectMapper.framework in Frameworks */,
				EDB19AA51E54805B0044C933 /* AlamofireObjectMapper.framework in Frameworks */,
				EDB19A8B1E539A3F0044C933 /* NotificationCenter.framework in Frameworks */,
			);
			runOnlyForDeploymentPostprocessing = 0;
		};
/* End PBXFrameworksBuildPhase section */

/* Begin PBXGroup section */
		ED342A8C1E3FCD1200D8D212 = {
			isa = PBXGroup;
			children = (
				ED782CC11E41352C004D11E8 /* PullToRefreshDemo.xcodeproj */,
				ED782CB11E3FE6D3004D11E8 /* ObjectMapper.framework */,
				ED782CAE1E3FE6D3004D11E8 /* Alamofire.framework */,
				ED782C941E3FE684004D11E8 /* AlamofireObjectMapper.xcodeproj */,
				ED342A971E3FCD1200D8D212 /* WIMB230 */,
				ED342AAC1E3FCD1300D8D212 /* WIMB230Tests */,
				EDB19A8C1E539A3F0044C933 /* WIMB230Widget */,
				ED342A961E3FCD1200D8D212 /* Products */,
				ED342B211E3FE27600D8D212 /* Frameworks */,
			);
			sourceTree = "<group>";
		};
		ED342A961E3FCD1200D8D212 /* Products */ = {
			isa = PBXGroup;
			children = (
				ED342A951E3FCD1200D8D212 /* WIMB230.app */,
				ED342AA91E3FCD1300D8D212 /* WIMB230Tests.xctest */,
				EDB19A891E539A3F0044C933 /* WIMB230Widget.appex */,
			);
			name = Products;
			sourceTree = "<group>";
		};
		ED342A971E3FCD1200D8D212 /* WIMB230 */ = {
			isa = PBXGroup;
			children = (
				EDB19AA11E539ABD0044C933 /* WIMB230Client.swift */,
				ED342A981E3FCD1200D8D212 /* AppDelegate.swift */,
				ED342A9A1E3FCD1200D8D212 /* WIMB230ViewController.swift */,
				ED6E4F271E4BAF8A00DFDA60 /* TestStuff.playground */,
				ED342ACB1E3FD7C500D8D212 /* BusPassage.swift */,
				ED342A9C1E3FCD1200D8D212 /* Main.storyboard */,
				ED342A9F1E3FCD1200D8D212 /* Assets.xcassets */,
				ED342AA11E3FCD1200D8D212 /* LaunchScreen.storyboard */,
				ED342AA41E3FCD1200D8D212 /* Info.plist */,
			);
			path = WIMB230;
			sourceTree = "<group>";
		};
		ED342AAC1E3FCD1300D8D212 /* WIMB230Tests */ = {
			isa = PBXGroup;
			children = (
				ED342AAD1E3FCD1300D8D212 /* WIMB230Tests.swift */,
				ED342AAF1E3FCD1300D8D212 /* Info.plist */,
			);
			path = WIMB230Tests;
			sourceTree = "<group>";
		};
		ED342B211E3FE27600D8D212 /* Frameworks */ = {
			isa = PBXGroup;
			children = (
				EDB19AA61E54805B0044C933 /* Alamofire.framework */,
				EDB19AA71E54805B0044C933 /* ObjectMapper.framework */,
				ED342B221E3FE27600D8D212 /* Alamofire.framework */,
				EDB19A8A1E539A3F0044C933 /* NotificationCenter.framework */,
			);
			name = Frameworks;
			sourceTree = "<group>";
		};
		ED782C951E3FE684004D11E8 /* Products */ = {
			isa = PBXGroup;
			children = (
				ED782CA11E3FE685004D11E8 /* AlamofireObjectMapper.framework */,
				ED782CA31E3FE685004D11E8 /* AlamofireObjectMapperTests iOS.xctest */,
				ED782CA51E3FE685004D11E8 /* AlamofireObjectMapper.framework */,
				ED782CA71E3FE685004D11E8 /* AlamofireObjectMapperTests OSX.xctest */,
				ED782CA91E3FE685004D11E8 /* AlamofireObjectMapper.framework */,
				ED782CAB1E3FE685004D11E8 /* AlamofireObjectMapperTests tvOS.xctest */,
				ED782CAD1E3FE685004D11E8 /* AlamofireObjectMapper.framework */,
			);
			name = Products;
			sourceTree = "<group>";
		};
		ED782CC21E41352C004D11E8 /* Products */ = {
			isa = PBXGroup;
			children = (
				ED782CC71E41352C004D11E8 /* PullToRefreshDemo.app */,
				ED782CC91E41352C004D11E8 /* PullToRefresh.framework */,
			);
			name = Products;
			sourceTree = "<group>";
		};
		EDB19A8C1E539A3F0044C933 /* WIMB230Widget */ = {
			isa = PBXGroup;
			children = (
				EDB19A8D1E539A3F0044C933 /* TodayViewController.swift */,
				EDB19A8F1E539A3F0044C933 /* MainInterface.storyboard */,
				EDB19A921E539A3F0044C933 /* Info.plist */,
			);
			path = WIMB230Widget;
			sourceTree = "<group>";
		};
/* End PBXGroup section */

/* Begin PBXNativeTarget section */
		ED342A941E3FCD1200D8D212 /* WIMB230 */ = {
			isa = PBXNativeTarget;
			buildConfigurationList = ED342AB21E3FCD1300D8D212 /* Build configuration list for PBXNativeTarget "WIMB230" */;
			buildPhases = (
				ED342A911E3FCD1200D8D212 /* Sources */,
				ED342A921E3FCD1200D8D212 /* Frameworks */,
				ED342A931E3FCD1200D8D212 /* Resources */,
				ED782CB81E3FE6D4004D11E8 /* Embed Frameworks */,
				EDB19A951E539A3F0044C933 /* Embed App Extensions */,
			);
			buildRules = (
			);
			dependencies = (
				ED782CB71E3FE6D3004D11E8 /* PBXTargetDependency */,
				ED782CCD1E41354D004D11E8 /* PBXTargetDependency */,
				EDB19A941E539A3F0044C933 /* PBXTargetDependency */,
			);
			name = WIMB230;
			productName = WIMB230;
			productReference = ED342A951E3FCD1200D8D212 /* WIMB230.app */;
			productType = "com.apple.product-type.application";
		};
		ED342AA81E3FCD1300D8D212 /* WIMB230Tests */ = {
			isa = PBXNativeTarget;
			buildConfigurationList = ED342AB51E3FCD1300D8D212 /* Build configuration list for PBXNativeTarget "WIMB230Tests" */;
			buildPhases = (
				ED342AA51E3FCD1300D8D212 /* Sources */,
				ED342AA61E3FCD1300D8D212 /* Frameworks */,
				ED342AA71E3FCD1300D8D212 /* Resources */,
			);
			buildRules = (
			);
			dependencies = (
				ED342AAB1E3FCD1300D8D212 /* PBXTargetDependency */,
			);
			name = WIMB230Tests;
			productName = WIMB230Tests;
			productReference = ED342AA91E3FCD1300D8D212 /* WIMB230Tests.xctest */;
			productType = "com.apple.product-type.bundle.unit-test";
		};
		EDB19A881E539A3F0044C933 /* WIMB230Widget */ = {
			isa = PBXNativeTarget;
			buildConfigurationList = EDB19AA01E539A3F0044C933 /* Build configuration list for PBXNativeTarget "WIMB230Widget" */;
			buildPhases = (
				EDB19A851E539A3F0044C933 /* Sources */,
				EDB19A861E539A3F0044C933 /* Frameworks */,
				EDB19A871E539A3F0044C933 /* Resources */,
			);
			buildRules = (
			);
			dependencies = (
			);
			name = WIMB230Widget;
			productName = WIMB230Widget;
			productReference = EDB19A891E539A3F0044C933 /* WIMB230Widget.appex */;
			productType = "com.apple.product-type.app-extension";
		};
/* End PBXNativeTarget section */

/* Begin PBXProject section */
		ED342A8D1E3FCD1200D8D212 /* Project object */ = {
			isa = PBXProject;
			attributes = {
				LastSwiftUpdateCheck = 0820;
				LastUpgradeCheck = 0820;
				ORGANIZATIONNAME = Paraita;
				TargetAttributes = {
					ED342A941E3FCD1200D8D212 = {
						CreatedOnToolsVersion = 8.2.1;
						DevelopmentTeam = 66S33T67HD;
						ProvisioningStyle = Automatic;
					};
					ED342AA81E3FCD1300D8D212 = {
						CreatedOnToolsVersion = 8.2.1;
						DevelopmentTeam = 66S33T67HD;
						ProvisioningStyle = Automatic;
						TestTargetID = ED342A941E3FCD1200D8D212;
					};
					EDB19A881E539A3F0044C933 = {
						CreatedOnToolsVersion = 8.2.1;
						DevelopmentTeam = 66S33T67HD;
						ProvisioningStyle = Automatic;
					};
				};
			};
			buildConfigurationList = ED342A901E3FCD1200D8D212 /* Build configuration list for PBXProject "WIMB230" */;
			compatibilityVersion = "Xcode 3.2";
			developmentRegion = English;
			hasScannedForEncodings = 0;
			knownRegions = (
				en,
				Base,
			);
			mainGroup = ED342A8C1E3FCD1200D8D212;
			productRefGroup = ED342A961E3FCD1200D8D212 /* Products */;
			projectDirPath = "";
			projectReferences = (
				{
					ProductGroup = ED782C951E3FE684004D11E8 /* Products */;
					ProjectRef = ED782C941E3FE684004D11E8 /* AlamofireObjectMapper.xcodeproj */;
				},
				{
					ProductGroup = ED782CC21E41352C004D11E8 /* Products */;
					ProjectRef = ED782CC11E41352C004D11E8 /* PullToRefreshDemo.xcodeproj */;
				},
			);
			projectRoot = "";
			targets = (
				ED342A941E3FCD1200D8D212 /* WIMB230 */,
				ED342AA81E3FCD1300D8D212 /* WIMB230Tests */,
				EDB19A881E539A3F0044C933 /* WIMB230Widget */,
			);
		};
/* End PBXProject section */

/* Begin PBXReferenceProxy section */
		ED782CA11E3FE685004D11E8 /* AlamofireObjectMapper.framework */ = {
			isa = PBXReferenceProxy;
			fileType = wrapper.framework;
			path = AlamofireObjectMapper.framework;
			remoteRef = ED782CA01E3FE685004D11E8 /* PBXContainerItemProxy */;
			sourceTree = BUILT_PRODUCTS_DIR;
		};
		ED782CA31E3FE685004D11E8 /* AlamofireObjectMapperTests iOS.xctest */ = {
			isa = PBXReferenceProxy;
			fileType = wrapper.cfbundle;
			path = "AlamofireObjectMapperTests iOS.xctest";
			remoteRef = ED782CA21E3FE685004D11E8 /* PBXContainerItemProxy */;
			sourceTree = BUILT_PRODUCTS_DIR;
		};
		ED782CA51E3FE685004D11E8 /* AlamofireObjectMapper.framework */ = {
			isa = PBXReferenceProxy;
			fileType = wrapper.framework;
			path = AlamofireObjectMapper.framework;
			remoteRef = ED782CA41E3FE685004D11E8 /* PBXContainerItemProxy */;
			sourceTree = BUILT_PRODUCTS_DIR;
		};
		ED782CA71E3FE685004D11E8 /* AlamofireObjectMapperTests OSX.xctest */ = {
			isa = PBXReferenceProxy;
			fileType = wrapper.cfbundle;
			path = "AlamofireObjectMapperTests OSX.xctest";
			remoteRef = ED782CA61E3FE685004D11E8 /* PBXContainerItemProxy */;
			sourceTree = BUILT_PRODUCTS_DIR;
		};
		ED782CA91E3FE685004D11E8 /* AlamofireObjectMapper.framework */ = {
			isa = PBXReferenceProxy;
			fileType = wrapper.framework;
			path = AlamofireObjectMapper.framework;
			remoteRef = ED782CA81E3FE685004D11E8 /* PBXContainerItemProxy */;
			sourceTree = BUILT_PRODUCTS_DIR;
		};
		ED782CAB1E3FE685004D11E8 /* AlamofireObjectMapperTests tvOS.xctest */ = {
			isa = PBXReferenceProxy;
			fileType = wrapper.cfbundle;
			path = "AlamofireObjectMapperTests tvOS.xctest";
			remoteRef = ED782CAA1E3FE685004D11E8 /* PBXContainerItemProxy */;
			sourceTree = BUILT_PRODUCTS_DIR;
		};
		ED782CAD1E3FE685004D11E8 /* AlamofireObjectMapper.framework */ = {
			isa = PBXReferenceProxy;
			fileType = wrapper.framework;
			path = AlamofireObjectMapper.framework;
			remoteRef = ED782CAC1E3FE685004D11E8 /* PBXContainerItemProxy */;
			sourceTree = BUILT_PRODUCTS_DIR;
		};
		ED782CC71E41352C004D11E8 /* PullToRefreshDemo.app */ = {
			isa = PBXReferenceProxy;
			fileType = wrapper.application;
			path = PullToRefreshDemo.app;
			remoteRef = ED782CC61E41352C004D11E8 /* PBXContainerItemProxy */;
			sourceTree = BUILT_PRODUCTS_DIR;
		};
		ED782CC91E41352C004D11E8 /* PullToRefresh.framework */ = {
			isa = PBXReferenceProxy;
			fileType = wrapper.framework;
			path = PullToRefresh.framework;
			remoteRef = ED782CC81E41352C004D11E8 /* PBXContainerItemProxy */;
			sourceTree = BUILT_PRODUCTS_DIR;
		};
/* End PBXReferenceProxy section */

/* Begin PBXResourcesBuildPhase section */
		ED342A931E3FCD1200D8D212 /* Resources */ = {
			isa = PBXResourcesBuildPhase;
			buildActionMask = 2147483647;
			files = (
				ED342AA31E3FCD1200D8D212 /* LaunchScreen.storyboard in Resources */,
				ED342AA01E3FCD1200D8D212 /* Assets.xcassets in Resources */,
				ED342A9E1E3FCD1200D8D212 /* Main.storyboard in Resources */,
			);
			runOnlyForDeploymentPostprocessing = 0;
		};
		ED342AA71E3FCD1300D8D212 /* Resources */ = {
			isa = PBXResourcesBuildPhase;
			buildActionMask = 2147483647;
			files = (
			);
			runOnlyForDeploymentPostprocessing = 0;
		};
		EDB19A871E539A3F0044C933 /* Resources */ = {
			isa = PBXResourcesBuildPhase;
			buildActionMask = 2147483647;
			files = (
				EDB19AAC1E54E0340044C933 /* Assets.xcassets in Resources */,
				EDB19A911E539A3F0044C933 /* MainInterface.storyboard in Resources */,
			);
			runOnlyForDeploymentPostprocessing = 0;
		};
/* End PBXResourcesBuildPhase section */

/* Begin PBXSourcesBuildPhase section */
		ED342A911E3FCD1200D8D212 /* Sources */ = {
			isa = PBXSourcesBuildPhase;
			buildActionMask = 2147483647;
			files = (
				ED342A9B1E3FCD1200D8D212 /* WIMB230ViewController.swift in Sources */,
				EDB19AA21E539ABD0044C933 /* WIMB230Client.swift in Sources */,
				ED342ACC1E3FD7C500D8D212 /* BusPassage.swift in Sources */,
				ED342A991E3FCD1200D8D212 /* AppDelegate.swift in Sources */,
			);
			runOnlyForDeploymentPostprocessing = 0;
		};
		ED342AA51E3FCD1300D8D212 /* Sources */ = {
			isa = PBXSourcesBuildPhase;
			buildActionMask = 2147483647;
			files = (
				ED342AAE1E3FCD1300D8D212 /* WIMB230Tests.swift in Sources */,
			);
			runOnlyForDeploymentPostprocessing = 0;
		};
		EDB19A851E539A3F0044C933 /* Sources */ = {
			isa = PBXSourcesBuildPhase;
			buildActionMask = 2147483647;
			files = (
				EDB19AAA1E54806E0044C933 /* WIMB230Client.swift in Sources */,
				EDB19AAB1E54806E0044C933 /* BusPassage.swift in Sources */,
				EDB19A8E1E539A3F0044C933 /* TodayViewController.swift in Sources */,
			);
			runOnlyForDeploymentPostprocessing = 0;
		};
/* End PBXSourcesBuildPhase section */

/* Begin PBXTargetDependency section */
		ED342AAB1E3FCD1300D8D212 /* PBXTargetDependency */ = {
			isa = PBXTargetDependency;
			target = ED342A941E3FCD1200D8D212 /* WIMB230 */;
			targetProxy = ED342AAA1E3FCD1300D8D212 /* PBXContainerItemProxy */;
		};
		ED782CB71E3FE6D3004D11E8 /* PBXTargetDependency */ = {
			isa = PBXTargetDependency;
			name = "AlamofireObjectMapper iOS";
			targetProxy = ED782CB61E3FE6D3004D11E8 /* PBXContainerItemProxy */;
		};
		ED782CCD1E41354D004D11E8 /* PBXTargetDependency */ = {
			isa = PBXTargetDependency;
			name = PullToRefresh;
			targetProxy = ED782CCC1E41354D004D11E8 /* PBXContainerItemProxy */;
		};
		EDB19A941E539A3F0044C933 /* PBXTargetDependency */ = {
			isa = PBXTargetDependency;
			target = EDB19A881E539A3F0044C933 /* WIMB230Widget */;
			targetProxy = EDB19A931E539A3F0044C933 /* PBXContainerItemProxy */;
		};
/* End PBXTargetDependency section */

/* Begin PBXVariantGroup section */
		ED342A9C1E3FCD1200D8D212 /* Main.storyboard */ = {
			isa = PBXVariantGroup;
			children = (
				ED342A9D1E3FCD1200D8D212 /* Base */,
			);
			name = Main.storyboard;
			sourceTree = "<group>";
		};
		ED342AA11E3FCD1200D8D212 /* LaunchScreen.storyboard */ = {
			isa = PBXVariantGroup;
			children = (
				ED342AA21E3FCD1200D8D212 /* Base */,
			);
			name = LaunchScreen.storyboard;
			sourceTree = "<group>";
		};
		EDB19A8F1E539A3F0044C933 /* MainInterface.storyboard */ = {
			isa = PBXVariantGroup;
			children = (
				EDB19A901E539A3F0044C933 /* Base */,
			);
			name = MainInterface.storyboard;
			sourceTree = "<group>";
		};
/* End PBXVariantGroup section */

/* Begin XCBuildConfiguration section */
		ED342AB01E3FCD1300D8D212 /* Debug */ = {
			isa = XCBuildConfiguration;
			buildSettings = {
				ALWAYS_SEARCH_USER_PATHS = NO;
				CLANG_ANALYZER_NONNULL = YES;
				CLANG_CXX_LANGUAGE_STANDARD = "gnu++0x";
				CLANG_CXX_LIBRARY = "libc++";
				CLANG_ENABLE_MODULES = YES;
				CLANG_ENABLE_OBJC_ARC = YES;
				CLANG_WARN_BOOL_CONVERSION = YES;
				CLANG_WARN_CONSTANT_CONVERSION = YES;
				CLANG_WARN_DIRECT_OBJC_ISA_USAGE = YES_ERROR;
				CLANG_WARN_DOCUMENTATION_COMMENTS = YES;
				CLANG_WARN_EMPTY_BODY = YES;
				CLANG_WARN_ENUM_CONVERSION = YES;
				CLANG_WARN_INFINITE_RECURSION = YES;
				CLANG_WARN_INT_CONVERSION = YES;
				CLANG_WARN_OBJC_ROOT_CLASS = YES_ERROR;
				CLANG_WARN_SUSPICIOUS_MOVE = YES;
				CLANG_WARN_UNREACHABLE_CODE = YES;
				CLANG_WARN__DUPLICATE_METHOD_MATCH = YES;
				"CODE_SIGN_IDENTITY[sdk=iphoneos*]" = "iPhone Developer";
				COPY_PHASE_STRIP = NO;
				DEBUG_INFORMATION_FORMAT = dwarf;
				ENABLE_STRICT_OBJC_MSGSEND = YES;
				ENABLE_TESTABILITY = YES;
				FRAMEWORK_SEARCH_PATHS = "$(SRCROOT)/**";
				GCC_C_LANGUAGE_STANDARD = gnu99;
				GCC_DYNAMIC_NO_PIC = NO;
				GCC_NO_COMMON_BLOCKS = YES;
				GCC_OPTIMIZATION_LEVEL = 0;
				GCC_PREPROCESSOR_DEFINITIONS = (
					"DEBUG=1",
					"$(inherited)",
				);
				GCC_WARN_64_TO_32_BIT_CONVERSION = YES;
				GCC_WARN_ABOUT_RETURN_TYPE = YES_ERROR;
				GCC_WARN_UNDECLARED_SELECTOR = YES;
				GCC_WARN_UNINITIALIZED_AUTOS = YES_AGGRESSIVE;
				GCC_WARN_UNUSED_FUNCTION = YES;
				GCC_WARN_UNUSED_VARIABLE = YES;
				IPHONEOS_DEPLOYMENT_TARGET = 10.2;
				MTL_ENABLE_DEBUG_INFO = YES;
				ONLY_ACTIVE_ARCH = YES;
				SDKROOT = iphoneos;
				SWIFT_ACTIVE_COMPILATION_CONDITIONS = DEBUG;
				SWIFT_OPTIMIZATION_LEVEL = "-Onone";
				TARGETED_DEVICE_FAMILY = "1,2";
			};
			name = Debug;
		};
		ED342AB11E3FCD1300D8D212 /* Release */ = {
			isa = XCBuildConfiguration;
			buildSettings = {
				ALWAYS_SEARCH_USER_PATHS = NO;
				CLANG_ANALYZER_NONNULL = YES;
				CLANG_CXX_LANGUAGE_STANDARD = "gnu++0x";
				CLANG_CXX_LIBRARY = "libc++";
				CLANG_ENABLE_MODULES = YES;
				CLANG_ENABLE_OBJC_ARC = YES;
				CLANG_WARN_BOOL_CONVERSION = YES;
				CLANG_WARN_CONSTANT_CONVERSION = YES;
				CLANG_WARN_DIRECT_OBJC_ISA_USAGE = YES_ERROR;
				CLANG_WARN_DOCUMENTATION_COMMENTS = YES;
				CLANG_WARN_EMPTY_BODY = YES;
				CLANG_WARN_ENUM_CONVERSION = YES;
				CLANG_WARN_INFINITE_RECURSION = YES;
				CLANG_WARN_INT_CONVERSION = YES;
				CLANG_WARN_OBJC_ROOT_CLASS = YES_ERROR;
				CLANG_WARN_SUSPICIOUS_MOVE = YES;
				CLANG_WARN_UNREACHABLE_CODE = YES;
				CLANG_WARN__DUPLICATE_METHOD_MATCH = YES;
				"CODE_SIGN_IDENTITY[sdk=iphoneos*]" = "iPhone Developer";
				COPY_PHASE_STRIP = NO;
				DEBUG_INFORMATION_FORMAT = "dwarf-with-dsym";
				ENABLE_NS_ASSERTIONS = NO;
				ENABLE_STRICT_OBJC_MSGSEND = YES;
				FRAMEWORK_SEARCH_PATHS = "$(SRCROOT)/**";
				GCC_C_LANGUAGE_STANDARD = gnu99;
				GCC_NO_COMMON_BLOCKS = YES;
				GCC_WARN_64_TO_32_BIT_CONVERSION = YES;
				GCC_WARN_ABOUT_RETURN_TYPE = YES_ERROR;
				GCC_WARN_UNDECLARED_SELECTOR = YES;
				GCC_WARN_UNINITIALIZED_AUTOS = YES_AGGRESSIVE;
				GCC_WARN_UNUSED_FUNCTION = YES;
				GCC_WARN_UNUSED_VARIABLE = YES;
				IPHONEOS_DEPLOYMENT_TARGET = 10.2;
				MTL_ENABLE_DEBUG_INFO = NO;
				SDKROOT = iphoneos;
				SWIFT_OPTIMIZATION_LEVEL = "-Owholemodule";
				TARGETED_DEVICE_FAMILY = "1,2";
				VALIDATE_PRODUCT = YES;
			};
			name = Release;
		};
		ED342AB31E3FCD1300D8D212 /* Debug */ = {
			isa = XCBuildConfiguration;
			buildSettings = {
				ALWAYS_EMBED_SWIFT_STANDARD_LIBRARIES = YES;
				ASSETCATALOG_COMPILER_APPICON_NAME = AppIcon;
				DEVELOPMENT_TEAM = 66S33T67HD;
				INFOPLIST_FILE = WIMB230/Info.plist;
				LD_RUNPATH_SEARCH_PATHS = "$(inherited) @executable_path/Frameworks";
				PRODUCT_BUNDLE_IDENTIFIER = com.hipopochat.WIMB230;
				PRODUCT_NAME = "$(TARGET_NAME)";
				SWIFT_VERSION = 3.0;
			};
			name = Debug;
		};
		ED342AB41E3FCD1300D8D212 /* Release */ = {
			isa = XCBuildConfiguration;
			buildSettings = {
				ALWAYS_EMBED_SWIFT_STANDARD_LIBRARIES = YES;
				ASSETCATALOG_COMPILER_APPICON_NAME = AppIcon;
				DEVELOPMENT_TEAM = 66S33T67HD;
				INFOPLIST_FILE = WIMB230/Info.plist;
				LD_RUNPATH_SEARCH_PATHS = "$(inherited) @executable_path/Frameworks";
				PRODUCT_BUNDLE_IDENTIFIER = com.hipopochat.WIMB230;
				PRODUCT_NAME = "$(TARGET_NAME)";
				SWIFT_VERSION = 3.0;
			};
			name = Release;
		};
		ED342AB61E3FCD1300D8D212 /* Debug */ = {
			isa = XCBuildConfiguration;
			buildSettings = {
				ALWAYS_EMBED_SWIFT_STANDARD_LIBRARIES = YES;
				BUNDLE_LOADER = "$(TEST_HOST)";
				DEVELOPMENT_TEAM = 66S33T67HD;
				INFOPLIST_FILE = WIMB230Tests/Info.plist;
				LD_RUNPATH_SEARCH_PATHS = "$(inherited) @executable_path/Frameworks @loader_path/Frameworks";
				PRODUCT_BUNDLE_IDENTIFIER = com.hipopochat.WIMB230Tests;
				PRODUCT_NAME = "$(TARGET_NAME)";
				SWIFT_VERSION = 3.0;
				TEST_HOST = "$(BUILT_PRODUCTS_DIR)/WIMB230.app/WIMB230";
			};
			name = Debug;
		};
		ED342AB71E3FCD1300D8D212 /* Release */ = {
			isa = XCBuildConfiguration;
			buildSettings = {
				ALWAYS_EMBED_SWIFT_STANDARD_LIBRARIES = YES;
				BUNDLE_LOADER = "$(TEST_HOST)";
				DEVELOPMENT_TEAM = 66S33T67HD;
				INFOPLIST_FILE = WIMB230Tests/Info.plist;
				LD_RUNPATH_SEARCH_PATHS = "$(inherited) @executable_path/Frameworks @loader_path/Frameworks";
				PRODUCT_BUNDLE_IDENTIFIER = com.hipopochat.WIMB230Tests;
				PRODUCT_NAME = "$(TARGET_NAME)";
				SWIFT_VERSION = 3.0;
				TEST_HOST = "$(BUILT_PRODUCTS_DIR)/WIMB230.app/WIMB230";
			};
			name = Release;
		};
		EDB19A971E539A3F0044C933 /* Debug */ = {
			isa = XCBuildConfiguration;
			buildSettings = {
				DEVELOPMENT_TEAM = 66S33T67HD;
				INFOPLIST_FILE = WIMB230Widget/Info.plist;
				LD_RUNPATH_SEARCH_PATHS = "$(inherited) @executable_path/Frameworks @executable_path/../../Frameworks";
				PRODUCT_BUNDLE_IDENTIFIER = com.hipopochat.WIMB230.WIMB230Widget;
				PRODUCT_NAME = "$(TARGET_NAME)";
				SKIP_INSTALL = YES;
				SWIFT_VERSION = 3.0;
			};
			name = Debug;
		};
		EDB19A981E539A3F0044C933 /* Release */ = {
			isa = XCBuildConfiguration;
			buildSettings = {
				DEVELOPMENT_TEAM = 66S33T67HD;
				INFOPLIST_FILE = WIMB230Widget/Info.plist;
				LD_RUNPATH_SEARCH_PATHS = "$(inherited) @executable_path/Frameworks @executable_path/../../Frameworks";
				PRODUCT_BUNDLE_IDENTIFIER = com.hipopochat.WIMB230.WIMB230Widget;
				PRODUCT_NAME = "$(TARGET_NAME)";
				SKIP_INSTALL = YES;
				SWIFT_VERSION = 3.0;
			};
			name = Release;
		};
/* End XCBuildConfiguration section */

/* Begin XCConfigurationList section */
		ED342A901E3FCD1200D8D212 /* Build configuration list for PBXProject "WIMB230" */ = {
			isa = XCConfigurationList;
			buildConfigurations = (
				ED342AB01E3FCD1300D8D212 /* Debug */,
				ED342AB11E3FCD1300D8D212 /* Release */,
			);
			defaultConfigurationIsVisible = 0;
			defaultConfigurationName = Release;
		};
		ED342AB21E3FCD1300D8D212 /* Build configuration list for PBXNativeTarget "WIMB230" */ = {
			isa = XCConfigurationList;
			buildConfigurations = (
				ED342AB31E3FCD1300D8D212 /* Debug */,
				ED342AB41E3FCD1300D8D212 /* Release */,
			);
			defaultConfigurationIsVisible = 0;
			defaultConfigurationName = Release;
		};
		ED342AB51E3FCD1300D8D212 /* Build configuration list for PBXNativeTarget "WIMB230Tests" */ = {
			isa = XCConfigurationList;
			buildConfigurations = (
				ED342AB61E3FCD1300D8D212 /* Debug */,
				ED342AB71E3FCD1300D8D212 /* Release */,
			);
			defaultConfigurationIsVisible = 0;
			defaultConfigurationName = Release;
		};
		EDB19AA01E539A3F0044C933 /* Build configuration list for PBXNativeTarget "WIMB230Widget" */ = {
			isa = XCConfigurationList;
			buildConfigurations = (
				EDB19A971E539A3F0044C933 /* Debug */,
				EDB19A981E539A3F0044C933 /* Release */,
			);
			defaultConfigurationIsVisible = 0;
		};
/* End XCConfigurationList section */
	};
	rootObject = ED342A8D1E3FCD1200D8D212 /* Project object */;
}
